
Microsoft Visual Studio Solution File, Format Version 12.00
Project("{FAE04EC0-301F-11D3-BF4B-00C04F79EFBC}") = "StrategyPattern", "StrategyPattern\StrategyPattern.csproj", "{F049E450-7677-4300-9801-3FB345CBA894}"
EndProject
Project("{FAE04EC0-301F-11D3-BF4B-00C04F79EFBC}") = "SingletonPattern", "SingletonPattern\SingletonPattern.csproj", "{91036AB3-8539-429B-8CBE-796F58C171D6}"
EndProject
Project("{FAE04EC0-301F-11D3-BF4B-00C04F79EFBC}") = "Settings", "Settings\Settings.csproj", "{C961DBD9-74CA-4EC2-B4C3-C29205CCCFEA}"
EndProject
Project("{FAE04EC0-301F-11D3-BF4B-00C04F79EFBC}") = "CommandPattern", "CommandPattern\CommandPattern.csproj", "{C1A3840E-65F5-4634-B0C5-4BBAF5635CDD}"
EndProject
Project("{FAE04EC0-301F-11D3-BF4B-00C04F79EFBC}") = "BridgePattern", "BridgePattern\BridgePattern.csproj", "{EC8FBED0-A6E1-4690-A8A9-4CE920AC88B4}"
EndProject
Project("{FAE04EC0-301F-11D3-BF4B-00C04F79EFBC}") = "NullObjectPattern", "NullObjectPattern\NullObjectPattern.csproj", "{8B59A345-0E83-4546-A90E-164828EBA5B9}"
EndProject
Project("{FAE04EC0-301F-11D3-BF4B-00C04F79EFBC}") = "SpecificationPattern", "SpecificationPattern\SpecificationPattern.csproj", "{17D5F229-AEA5-403B-956C-0C20CDE72E35}"
EndProject
Project("{FAE04EC0-301F-11D3-BF4B-00C04F79EFBC}") = "StatePattern", "StatePattern\StatePattern.csproj", "{F081D80E-61C3-4FE1-AB14-02763270F2C7}"
EndProject
Project("{FAE04EC0-301F-11D3-BF4B-00C04F79EFBC}") = "DataAccessPatterns", "DataAccessPatterns\DataAccessPatterns.csproj", "{82145A63-B131-4712-B241-343564ACA298}"
EndProject
Project("{FAE04EC0-301F-11D3-BF4B-00C04F79EFBC}") = "MediatorPattern", "MediatorPattern\MediatorPattern.csproj", "{E449EC4D-EB8B-4D29-89A9-45BDC19BDC14}"
EndProject
Global
	GlobalSection(SolutionConfigurationPlatforms) = preSolution
		Debug|Any CPU = Debug|Any CPU
		Release|Any CPU = Release|Any CPU
	EndGlobalSection
	GlobalSection(ProjectConfigurationPlatforms) = postSolution
		{F049E450-7677-4300-9801-3FB345CBA894}.Debug|Any CPU.ActiveCfg = Debug|Any CPU
		{F049E450-7677-4300-9801-3FB345CBA894}.Debug|Any CPU.Build.0 = Debug|Any CPU
		{F049E450-7677-4300-9801-3FB345CBA894}.Release|Any CPU.ActiveCfg = Release|Any CPU
		{F049E450-7677-4300-9801-3FB345CBA894}.Release|Any CPU.Build.0 = Release|Any CPU
		{91036AB3-8539-429B-8CBE-796F58C171D6}.Debug|Any CPU.ActiveCfg = Debug|Any CPU
		{91036AB3-8539-429B-8CBE-796F58C171D6}.Debug|Any CPU.Build.0 = Debug|Any CPU
		{91036AB3-8539-429B-8CBE-796F58C171D6}.Release|Any CPU.ActiveCfg = Release|Any CPU
		{91036AB3-8539-429B-8CBE-796F58C171D6}.Release|Any CPU.Build.0 = Release|Any CPU
		{C961DBD9-74CA-4EC2-B4C3-C29205CCCFEA}.Debug|Any CPU.ActiveCfg = Debug|Any CPU
		{C961DBD9-74CA-4EC2-B4C3-C29205CCCFEA}.Debug|Any CPU.Build.0 = Debug|Any CPU
		{C961DBD9-74CA-4EC2-B4C3-C29205CCCFEA}.Release|Any CPU.ActiveCfg = Release|Any CPU
		{C961DBD9-74CA-4EC2-B4C3-C29205CCCFEA}.Release|Any CPU.Build.0 = Release|Any CPU
		{C1A3840E-65F5-4634-B0C5-4BBAF5635CDD}.Debug|Any CPU.ActiveCfg = Debug|Any CPU
		{C1A3840E-65F5-4634-B0C5-4BBAF5635CDD}.Debug|Any CPU.Build.0 = Debug|Any CPU
		{C1A3840E-65F5-4634-B0C5-4BBAF5635CDD}.Release|Any CPU.ActiveCfg = Release|Any CPU
		{C1A3840E-65F5-4634-B0C5-4BBAF5635CDD}.Release|Any CPU.Build.0 = Release|Any CPU
		{EC8FBED0-A6E1-4690-A8A9-4CE920AC88B4}.Debug|Any CPU.ActiveCfg = Debug|Any CPU
		{EC8FBED0-A6E1-4690-A8A9-4CE920AC88B4}.Debug|Any CPU.Build.0 = Debug|Any CPU
		{EC8FBED0-A6E1-4690-A8A9-4CE920AC88B4}.Release|Any CPU.ActiveCfg = Release|Any CPU
		{EC8FBED0-A6E1-4690-A8A9-4CE920AC88B4}.Release|Any CPU.Build.0 = Release|Any CPU
		{8B59A345-0E83-4546-A90E-164828EBA5B9}.Debug|Any CPU.ActiveCfg = Debug|Any CPU
		{8B59A345-0E83-4546-A90E-164828EBA5B9}.Debug|Any CPU.Build.0 = Debug|Any CPU
		{8B59A345-0E83-4546-A90E-164828EBA5B9}.Release|Any CPU.ActiveCfg = Release|Any CPU
		{8B59A345-0E83-4546-A90E-164828EBA5B9}.Release|Any CPU.Build.0 = Release|Any CPU
		{17D5F229-AEA5-403B-956C-0C20CDE72E35}.Debug|Any CPU.ActiveCfg = Debug|Any CPU
		{17D5F229-AEA5-403B-956C-0C20CDE72E35}.Debug|Any CPU.Build.0 = Debug|Any CPU
		{17D5F229-AEA5-403B-956C-0C20CDE72E35}.Release|Any CPU.ActiveCfg = Release|Any CPU
		{17D5F229-AEA5-403B-956C-0C20CDE72E35}.Release|Any CPU.Build.0 = Release|Any CPU
		{F081D80E-61C3-4FE1-AB14-02763270F2C7}.Debug|Any CPU.ActiveCfg = Debug|Any CPU
		{F081D80E-61C3-4FE1-AB14-02763270F2C7}.Debug|Any CPU.Build.0 = Debug|Any CPU
		{F081D80E-61C3-4FE1-AB14-02763270F2C7}.Release|Any CPU.ActiveCfg = Release|Any CPU
		{F081D80E-61C3-4FE1-AB14-02763270F2C7}.Release|Any CPU.Build.0 = Release|Any CPU
		{82145A63-B131-4712-B241-343564ACA298}.Debug|Any CPU.ActiveCfg = Debug|Any CPU
		{82145A63-B131-4712-B241-343564ACA298}.Debug|Any CPU.Build.0 = Debug|Any CPU
		{82145A63-B131-4712-B241-343564ACA298}.Release|Any CPU.ActiveCfg = Release|Any CPU
		{82145A63-B131-4712-B241-343564ACA298}.Release|Any CPU.Build.0 = Release|Any CPU
		{E449EC4D-EB8B-4D29-89A9-45BDC19BDC14}.Debug|Any CPU.ActiveCfg = Debug|Any CPU
		{E449EC4D-EB8B-4D29-89A9-45BDC19BDC14}.Debug|Any CPU.Build.0 = Debug|Any CPU
		{E449EC4D-EB8B-4D29-89A9-45BDC19BDC14}.Release|Any CPU.ActiveCfg = Release|Any CPU
		{E449EC4D-EB8B-4D29-89A9-45BDC19BDC14}.Release|Any CPU.Build.0 = Release|Any CPU
	EndGlobalSection
EndGlobal
